
Microsoft Visual Studio Solution File, Format Version 12.00
# Visual Studio Version 17
VisualStudioVersion = 17.12.35527.113 d17.12
MinimumVisualStudioVersion = 10.0.40219.1
Project("{FAE04EC0-301F-11D3-BF4B-00C04F79EFBC}") = "Auth", "Auth\Auth.csproj", "{9D224783-75B2-46FB-848F-B3294A6E244D}"
EndProject
Project("{FAE04EC0-301F-11D3-BF4B-00C04F79EFBC}") = "WeatherForecastApi", "WeatherForecastApi\WeatherForecastApi.csproj", "{CFC19988-3380-41B7-8175-5A637AE075B6}"
EndProject
Project("{2150E333-8FDC-42A3-9474-1A3956D46DE8}") = "Solution Items", "Solution Items", "{043B456E-35F6-4D1C-812F-76BDF97B2154}"
	ProjectSection(SolutionItems) = preProject
		.gitignore = .gitignore
	EndProjectSection
EndProject
Global
	GlobalSection(SolutionConfigurationPlatforms) = preSolution
		Debug|Any CPU = Debug|Any CPU
		Release|Any CPU = Release|Any CPU
	EndGlobalSection
	GlobalSection(ProjectConfigurationPlatforms) = postSolution
		{9D224783-75B2-46FB-848F-B3294A6E244D}.Debug|Any CPU.ActiveCfg = Debug|Any CPU
		{9D224783-75B2-46FB-848F-B3294A6E244D}.Debug|Any CPU.Build.0 = Debug|Any CPU
		{9D224783-75B2-46FB-848F-B3294A6E244D}.Release|Any CPU.ActiveCfg = Release|Any CPU
		{9D224783-75B2-46FB-848F-B3294A6E244D}.Release|Any CPU.Build.0 = Release|Any CPU
		{CFC19988-3380-41B7-8175-5A637AE075B6}.Debug|Any CPU.ActiveCfg = Debug|Any CPU
		{CFC19988-3380-41B7-8175-5A637AE075B6}.Debug|Any CPU.Build.0 = Debug|Any CPU
		{CFC19988-3380-41B7-8175-5A637AE075B6}.Release|Any CPU.ActiveCfg = Release|Any CPU
		{CFC19988-3380-41B7-8175-5A637AE075B6}.Release|Any CPU.Build.0 = Release|Any CPU
	EndGlobalSection
	GlobalSection(SolutionProperties) = preSolution
		HideSolutionNode = FALSE
	EndGlobalSection
EndGlobal
